{
  "version": 4,
  "terraform_version": "1.12.2",
  "serial": 37,
  "lineage": "76881541-0801-48d1-7db0-b5906d9ff9ff",
  "outputs": {
    "api_key": {
      "value": "manidabar",
      "type": "string",
      "sensitive": true
    },
    "application_name": {
      "value": "myapp",
      "type": "string"
    },
    "environment_name": {
      "value": "prod",
      "type": "string"
    },
    "environment_prefix": {
      "value": "myapp-prod-qx5pr4",
      "type": "string"
    },
    "instance_count": {
      "value": 6,
      "type": "number"
    },
    "primary_region": {
      "value": "westus",
      "type": "string"
    },
    "primary_region_instance": {
      "value": "8",
      "type": "string"
    },
    "suffix": {
      "value": "qx5pr4",
      "type": "string"
    }
  },
  "resources": [
    {
      "mode": "managed",
      "type": "random_string",
      "name": "suffix",
      "provider": "provider[\"registry.terraform.io/hashicorp/random\"]",
      "instances": [
        {
          "schema_version": 2,
          "attributes": {
            "id": "qx5pr4",
            "keepers": null,
            "length": 6,
            "lower": true,
            "min_lower": 0,
            "min_numeric": 0,
            "min_special": 0,
            "min_upper": 0,
            "number": true,
            "numeric": true,
            "override_special": null,
            "result": "qx5pr4",
            "special": false,
            "upper": false
          },
          "sensitive_attributes": [],
          "identity_schema_version": 0
        }
      ]
    }
  ],
  "check_results": null
}
